
Microsoft Visual Studio Solution File, Format Version 12.00
# Visual Studio Version 16
VisualStudioVersion = 16.0.31205.134
MinimumVisualStudioVersion = 10.0.40219.1
Project("{FAE04EC0-301F-11D3-BF4B-00C04F79EFBC}") = "RaquetBall_Game2", "Rectangle\RaquetBall_Game2.csproj", "{8AAE7DF4-F7DF-49B8-B65C-7625DFD670EC}"
EndProject
Global
	GlobalSection(SolutionConfigurationPlatforms) = preSolution
		Debug|Any CPU = Debug|Any CPU
		Release|Any CPU = Release|Any CPU
	EndGlobalSection
	GlobalSection(ProjectConfigurationPlatforms) = postSolution
		{8AAE7DF4-F7DF-49B8-B65C-7625DFD670EC}.Debug|Any CPU.ActiveCfg = Debug|Any CPU
		{8AAE7DF4-F7DF-49B8-B65C-7625DFD670EC}.Debug|Any CPU.Build.0 = Debug|Any CPU
		{8AAE7DF4-F7DF-49B8-B65C-7625DFD670EC}.Release|Any CPU.ActiveCfg = Release|Any CPU
		{8AAE7DF4-F7DF-49B8-B65C-7625DFD670EC}.Release|Any CPU.Build.0 = Release|Any CPU
	EndGlobalSection
	GlobalSection(SolutionProperties) = preSolution
		HideSolutionNode = FALSE
	EndGlobalSection
	GlobalSection(ExtensibilityGlobals) = postSolution
		SolutionGuid = {BD20B390-0564-4B44-9D21-5F986E70CB47}
	EndGlobalSection
EndGlobal
